
Microsoft Visual Studio Solution File, Format Version 12.00
# Visual Studio Version 17
VisualStudioVersion = 17.1.32421.90
MinimumVisualStudioVersion = 10.0.40219.1
Project("{9A19103F-16F7-4668-BE54-9A1E7A4F7556}") = "KM.DomainDrivenDesign.WebApi", "KM.DomainDrivenDesign.WebApi\KM.DomainDrivenDesign.WebApi.csproj", "{3DD38AE0-D51D-4764-9A8D-9E1F5E496D9E}"
EndProject
Project("{9A19103F-16F7-4668-BE54-9A1E7A4F7556}") = "Km.Data", "KM.Data\Km.Data.csproj", "{B03F57C7-3CCF-4FD2-B654-B95975907CFA}"
EndProject
Global
	GlobalSection(SolutionConfigurationPlatforms) = preSolution
		Debug|Any CPU = Debug|Any CPU
		Release|Any CPU = Release|Any CPU
	EndGlobalSection
	GlobalSection(ProjectConfigurationPlatforms) = postSolution
		{3DD38AE0-D51D-4764-9A8D-9E1F5E496D9E}.Debug|Any CPU.ActiveCfg = Debug|Any CPU
		{3DD38AE0-D51D-4764-9A8D-9E1F5E496D9E}.Debug|Any CPU.Build.0 = Debug|Any CPU
		{3DD38AE0-D51D-4764-9A8D-9E1F5E496D9E}.Release|Any CPU.ActiveCfg = Release|Any CPU
		{3DD38AE0-D51D-4764-9A8D-9E1F5E496D9E}.Release|Any CPU.Build.0 = Release|Any CPU
		{B03F57C7-3CCF-4FD2-B654-B95975907CFA}.Debug|Any CPU.ActiveCfg = Debug|Any CPU
		{B03F57C7-3CCF-4FD2-B654-B95975907CFA}.Debug|Any CPU.Build.0 = Debug|Any CPU
		{B03F57C7-3CCF-4FD2-B654-B95975907CFA}.Release|Any CPU.ActiveCfg = Release|Any CPU
		{B03F57C7-3CCF-4FD2-B654-B95975907CFA}.Release|Any CPU.Build.0 = Release|Any CPU
	EndGlobalSection
	GlobalSection(SolutionProperties) = preSolution
		HideSolutionNode = FALSE
	EndGlobalSection
	GlobalSection(ExtensibilityGlobals) = postSolution
		SolutionGuid = {49C87F79-59DA-4608-9B6B-307764B876AD}
	EndGlobalSection
EndGlobal
